{
  "name": "pdf-editor-offline",
  "version": "3.0.0",
  "lockfileVersion": 3,
  "requires": true,
  "packages": {
    "": {
      "name": "pdf-editor-offline",
      "version": "3.0.0",
      "license": "MIT",
      "bin": {
        "pdf-editor-offline": "bin/pdf-editor-offline.mjs"
      },
      "engines": {
        "node": ">=18"
      }
    }
  }
}
